
Microsoft Visual Studio Solution File, Format Version 12.00
# Visual Studio Version 17
VisualStudioVersion = 17.11.35327.3
MinimumVisualStudioVersion = 10.0.40219.1
Project("{9A19103F-16F7-4668-BE54-9A1E7A4F7556}") = "Simulator", "Simulator\Simulator.csproj", "{36784DFD-3208-4BEE-AEAE-C1BFFF7D6CE4}"
EndProject
Project("{FAE04EC0-301F-11D3-BF4B-00C04F79EFBC}") = "Runner", "Runner\Runner.csproj", "{DBEDA62D-8E5F-4C05-9B62-062B76488CC4}"
EndProject
Project("{FAE04EC0-301F-11D3-BF4B-00C04F79EFBC}") = "Test_Simulator", "Test_Simulator\Test_Simulator.csproj", "{2E7B8E80-DF21-416B-97B2-D6498C538D93}"
EndProject
Global
	GlobalSection(SolutionConfigurationPlatforms) = preSolution
		Debug|Any CPU = Debug|Any CPU
		Release|Any CPU = Release|Any CPU
	EndGlobalSection
	GlobalSection(ProjectConfigurationPlatforms) = postSolution
		{36784DFD-3208-4BEE-AEAE-C1BFFF7D6CE4}.Debug|Any CPU.ActiveCfg = Debug|Any CPU
		{36784DFD-3208-4BEE-AEAE-C1BFFF7D6CE4}.Debug|Any CPU.Build.0 = Debug|Any CPU
		{36784DFD-3208-4BEE-AEAE-C1BFFF7D6CE4}.Release|Any CPU.ActiveCfg = Release|Any CPU
		{36784DFD-3208-4BEE-AEAE-C1BFFF7D6CE4}.Release|Any CPU.Build.0 = Release|Any CPU
		{DBEDA62D-8E5F-4C05-9B62-062B76488CC4}.Debug|Any CPU.ActiveCfg = Debug|Any CPU
		{DBEDA62D-8E5F-4C05-9B62-062B76488CC4}.Debug|Any CPU.Build.0 = Debug|Any CPU
		{DBEDA62D-8E5F-4C05-9B62-062B76488CC4}.Release|Any CPU.ActiveCfg = Release|Any CPU
		{DBEDA62D-8E5F-4C05-9B62-062B76488CC4}.Release|Any CPU.Build.0 = Release|Any CPU
		{2E7B8E80-DF21-416B-97B2-D6498C538D93}.Debug|Any CPU.ActiveCfg = Debug|Any CPU
		{2E7B8E80-DF21-416B-97B2-D6498C538D93}.Debug|Any CPU.Build.0 = Debug|Any CPU
		{2E7B8E80-DF21-416B-97B2-D6498C538D93}.Release|Any CPU.ActiveCfg = Release|Any CPU
		{2E7B8E80-DF21-416B-97B2-D6498C538D93}.Release|Any CPU.Build.0 = Release|Any CPU
	EndGlobalSection
	GlobalSection(SolutionProperties) = preSolution
		HideSolutionNode = FALSE
	EndGlobalSection
	GlobalSection(ExtensibilityGlobals) = postSolution
		SolutionGuid = {2E9D02C7-753E-488E-8574-858B40C881E3}
	EndGlobalSection
EndGlobal
